// !$*UTF8*$!
{
	archiveVersion = 1;
	classes = {
	};
	objectVersion = 56;
	objects = {

/* Begin PBXBuildFile section */
		128A36B02C8877C800580579 /* SplashCoordinator.swift in Sources */ = {isa = PBXBuildFile; fileRef = 128A36AF2C8877C800580579 /* SplashCoordinator.swift */; };
		128A36B22C8877E200580579 /* SplashViewModel.swift in Sources */ = {isa = PBXBuildFile; fileRef = 128A36B12C8877E200580579 /* SplashViewModel.swift */; };
		128A36B42C8877FA00580579 /* SplashViewController.swift in Sources */ = {isa = PBXBuildFile; fileRef = 128A36B32C8877FA00580579 /* SplashViewController.swift */; };
		128A36B72C88781A00580579 /* ViewModelBindable.swift in Sources */ = {isa = PBXBuildFile; fileRef = 128A36B62C88781A00580579 /* ViewModelBindable.swift */; };
		128A36B92C88782B00580579 /* BaseViewController.swift in Sources */ = {isa = PBXBuildFile; fileRef = 128A36B82C88782B00580579 /* BaseViewController.swift */; };
		128A36BB2C8878A000580579 /* RepositoryType.swift in Sources */ = {isa = PBXBuildFile; fileRef = 128A36BA2C8878A000580579 /* RepositoryType.swift */; };
		128A36BD2C8878AF00580579 /* OAuthRepository.swift in Sources */ = {isa = PBXBuildFile; fileRef = 128A36BC2C8878AF00580579 /* OAuthRepository.swift */; };
		128A36BF2C8878DA00580579 /* OAuthUsecase.swift in Sources */ = {isa = PBXBuildFile; fileRef = 128A36BE2C8878DA00580579 /* OAuthUsecase.swift */; };
		128A36C12C887C7400580579 /* SignInViewController.swift in Sources */ = {isa = PBXBuildFile; fileRef = 128A36C02C887C7400580579 /* SignInViewController.swift */; };
		128A36C32C887C9D00580579 /* SignInViewModel.swift in Sources */ = {isa = PBXBuildFile; fileRef = 128A36C22C887C9D00580579 /* SignInViewModel.swift */; };
		128A36C52C887CBB00580579 /* SignInCoordinator.swift in Sources */ = {isa = PBXBuildFile; fileRef = 128A36C42C887CBB00580579 /* SignInCoordinator.swift */; };
		128A36CD2C889F6600580579 /* User.swift in Sources */ = {isa = PBXBuildFile; fileRef = 128A36CC2C889F6600580579 /* User.swift */; };
		128A36D32C88A40F00580579 /* NetworkService.swift in Sources */ = {isa = PBXBuildFile; fileRef = 128A36D22C88A40F00580579 /* NetworkService.swift */; };
		128A36D62C88A6C400580579 /* NetworkService+Rx.swift in Sources */ = {isa = PBXBuildFile; fileRef = 128A36D52C88A6C400580579 /* NetworkService+Rx.swift */; };
		128A36D82C88B04D00580579 /* AuthInterceptor.swift in Sources */ = {isa = PBXBuildFile; fileRef = 128A36D72C88B04D00580579 /* AuthInterceptor.swift */; };
		128A36DA2C88C21500580579 /* Constants.swift in Sources */ = {isa = PBXBuildFile; fileRef = 128A36D92C88C21500580579 /* Constants.swift */; };
		128A36DE2C89CD4E00580579 /* WellCCogitEventBus.swift in Sources */ = {isa = PBXBuildFile; fileRef = 128A36DD2C89CD4E00580579 /* WellCCogitEventBus.swift */; };
		128A36E12C89CF5C00580579 /* EventBus.swift in Sources */ = {isa = PBXBuildFile; fileRef = 128A36E02C89CF5C00580579 /* EventBus.swift */; };
		128A36E52C89D3F600580579 /* OAuthTokenResponse.swift in Sources */ = {isa = PBXBuildFile; fileRef = 128A36E42C89D3F600580579 /* OAuthTokenResponse.swift */; };
		128A36E72C89D93800580579 /* HomeViewController.swift in Sources */ = {isa = PBXBuildFile; fileRef = 128A36E62C89D93800580579 /* HomeViewController.swift */; };
		128A36E92C89D97C00580579 /* HomeCoordinator.swift in Sources */ = {isa = PBXBuildFile; fileRef = 128A36E82C89D97C00580579 /* HomeCoordinator.swift */; };
		128A36EB2C89D9B200580579 /* HomeViewModel.swift in Sources */ = {isa = PBXBuildFile; fileRef = 128A36EA2C89D9B200580579 /* HomeViewModel.swift */; };
		128A36EF2C8A145500580579 /* NavigationConfigurable.swift in Sources */ = {isa = PBXBuildFile; fileRef = 128A36EE2C8A145500580579 /* NavigationConfigurable.swift */; };
		128A36F12C8A175A00580579 /* WellCCogitNavigationController.swift in Sources */ = {isa = PBXBuildFile; fileRef = 128A36F02C8A175A00580579 /* WellCCogitNavigationController.swift */; };
		128A36F32C8A1F0500580579 /* UIImage+Extensions.swift in Sources */ = {isa = PBXBuildFile; fileRef = 128A36F22C8A1F0500580579 /* UIImage+Extensions.swift */; };
		129C61CE2C8DE2A500ED20E9 /* CollectionViewHandler.swift in Sources */ = {isa = PBXBuildFile; fileRef = 129C61CD2C8DE2A500ED20E9 /* CollectionViewHandler.swift */; };
		129C61D02C8F046800ED20E9 /* UICollectionView+Extensions.swift in Sources */ = {isa = PBXBuildFile; fileRef = 129C61CF2C8F046800ED20E9 /* UICollectionView+Extensions.swift */; };
		129C61D22C8F071400ED20E9 /* String+Extensions.swift in Sources */ = {isa = PBXBuildFile; fileRef = 129C61D12C8F071400ED20E9 /* String+Extensions.swift */; };
		129C61D52C8F07FA00ED20E9 /* WellCCogitCellModel.swift in Sources */ = {isa = PBXBuildFile; fileRef = 129C61D42C8F07FA00ED20E9 /* WellCCogitCellModel.swift */; };
		129C61D82C8F0FC900ED20E9 /* CommunityCell.swift in Sources */ = {isa = PBXBuildFile; fileRef = 129C61D72C8F0FC900ED20E9 /* CommunityCell.swift */; };
		129C61DA2C8F1F8600ED20E9 /* CommunityCellContentView.swift in Sources */ = {isa = PBXBuildFile; fileRef = 129C61D92C8F1F8600ED20E9 /* CommunityCellContentView.swift */; };
		129C61DD2C8F208600ED20E9 /* ConfigurableUI.swift in Sources */ = {isa = PBXBuildFile; fileRef = 129C61DC2C8F208600ED20E9 /* ConfigurableUI.swift */; };
		129C61DF2C8F209900ED20E9 /* ModelAdaptable.swift in Sources */ = {isa = PBXBuildFile; fileRef = 129C61DE2C8F209900ED20E9 /* ModelAdaptable.swift */; };
		129C61E12C8F223000ED20E9 /* ActionAttachable.swift in Sources */ = {isa = PBXBuildFile; fileRef = 129C61E02C8F223000ED20E9 /* ActionAttachable.swift */; };
		129C61E32C8F376A00ED20E9 /* CommunityModel.swift in Sources */ = {isa = PBXBuildFile; fileRef = 129C61E22C8F376A00ED20E9 /* CommunityModel.swift */; };
		129C61E52C8F377C00ED20E9 /* Member.swift in Sources */ = {isa = PBXBuildFile; fileRef = 129C61E42C8F377C00ED20E9 /* Member.swift */; };
		129C61E92C8F3EA900ED20E9 /* HomeRepository.swift in Sources */ = {isa = PBXBuildFile; fileRef = 129C61E82C8F3EA900ED20E9 /* HomeRepository.swift */; };
		129C61EB2C8F3EB200ED20E9 /* HomeUsecase.swift in Sources */ = {isa = PBXBuildFile; fileRef = 129C61EA2C8F3EB200ED20E9 /* HomeUsecase.swift */; };
		129C61ED2C8F436F00ED20E9 /* CellModelConvertible.swift in Sources */ = {isa = PBXBuildFile; fileRef = 129C61EC2C8F436F00ED20E9 /* CellModelConvertible.swift */; };
		129C61F02C9085F400ED20E9 /* TitleHeader.swift in Sources */ = {isa = PBXBuildFile; fileRef = 129C61EF2C9085F400ED20E9 /* TitleHeader.swift */; };
		129C61F22C90958B00ED20E9 /* UIColor+Extensions.swift in Sources */ = {isa = PBXBuildFile; fileRef = 129C61F12C90958B00ED20E9 /* UIColor+Extensions.swift */; };
		12E912B22C886AA200F3D41C /* AppDelegate.swift in Sources */ = {isa = PBXBuildFile; fileRef = 12E912B12C886AA200F3D41C /* AppDelegate.swift */; };
		12E912B42C886AA200F3D41C /* SceneDelegate.swift in Sources */ = {isa = PBXBuildFile; fileRef = 12E912B32C886AA200F3D41C /* SceneDelegate.swift */; };
		12E912B92C886AA200F3D41C /* Base in Resources */ = {isa = PBXBuildFile; fileRef = 12E912B82C886AA200F3D41C /* Base */; };
		12E912BB2C886AA400F3D41C /* Assets.xcassets in Resources */ = {isa = PBXBuildFile; fileRef = 12E912BA2C886AA400F3D41C /* Assets.xcassets */; };
		12E912BE2C886AA400F3D41C /* Base in Resources */ = {isa = PBXBuildFile; fileRef = 12E912BD2C886AA400F3D41C /* Base */; };
		12E912D92C886DDA00F3D41C /* ViewModelType.swift in Sources */ = {isa = PBXBuildFile; fileRef = 12E912D82C886DDA00F3D41C /* ViewModelType.swift */; };
		12E912F02C886ECC00F3D41C /* InputOutputAttachable.swift in Sources */ = {isa = PBXBuildFile; fileRef = 12E912EF2C886ECC00F3D41C /* InputOutputAttachable.swift */; };
		12E912F22C886EE400F3D41C /* ViewModelCoordinatable.swift in Sources */ = {isa = PBXBuildFile; fileRef = 12E912F12C886EE400F3D41C /* ViewModelCoordinatable.swift */; };
		12E912F72C886FE500F3D41C /* BaseCoordinator.swift in Sources */ = {isa = PBXBuildFile; fileRef = 12E912F62C886FE500F3D41C /* BaseCoordinator.swift */; };
		12E912F92C88708900F3D41C /* AppCoordinator.swift in Sources */ = {isa = PBXBuildFile; fileRef = 12E912F82C88708900F3D41C /* AppCoordinator.swift */; };
		12E912FB2C88709F00F3D41C /* ReactiveCoordinator.swift in Sources */ = {isa = PBXBuildFile; fileRef = 12E912FA2C88709F00F3D41C /* ReactiveCoordinator.swift */; };
		12E912FD2C8870BD00F3D41C /* CoordinatorForwardable.swift in Sources */ = {isa = PBXBuildFile; fileRef = 12E912FC2C8870BD00F3D41C /* CoordinatorForwardable.swift */; };
		12E912FF2C88712E00F3D41C /* CoordinatorTransitionType.swift in Sources */ = {isa = PBXBuildFile; fileRef = 12E912FE2C88712E00F3D41C /* CoordinatorTransitionType.swift */; };
		12E913012C88716300F3D41C /* CoordinatorTransitable.swift in Sources */ = {isa = PBXBuildFile; fileRef = 12E913002C88716300F3D41C /* CoordinatorTransitable.swift */; };
		AE07B9EAA0AE360D67404614 /* Pods_WellCCogit.framework in Frameworks */ = {isa = PBXBuildFile; fileRef = 1E625008B680E0ECE5239A10 /* Pods_WellCCogit.framework */; };
/* End PBXBuildFile section */

/* Begin PBXFileReference section */
		128A36AF2C8877C800580579 /* SplashCoordinator.swift */ = {isa = PBXFileReference; lastKnownFileType = sourcecode.swift; path = SplashCoordinator.swift; sourceTree = "<group>"; };
		128A36B12C8877E200580579 /* SplashViewModel.swift */ = {isa = PBXFileReference; lastKnownFileType = sourcecode.swift; path = SplashViewModel.swift; sourceTree = "<group>"; };
		128A36B32C8877FA00580579 /* SplashViewController.swift */ = {isa = PBXFileReference; lastKnownFileType = sourcecode.swift; path = SplashViewController.swift; sourceTree = "<group>"; };
		128A36B62C88781A00580579 /* ViewModelBindable.swift */ = {isa = PBXFileReference; lastKnownFileType = sourcecode.swift; path = ViewModelBindable.swift; sourceTree = "<group>"; };
		128A36B82C88782B00580579 /* BaseViewController.swift */ = {isa = PBXFileReference; lastKnownFileType = sourcecode.swift; path = BaseViewController.swift; sourceTree = "<group>"; };
		128A36BA2C8878A000580579 /* RepositoryType.swift */ = {isa = PBXFileReference; lastKnownFileType = sourcecode.swift; path = RepositoryType.swift; sourceTree = "<group>"; };
		128A36BC2C8878AF00580579 /* OAuthRepository.swift */ = {isa = PBXFileReference; lastKnownFileType = sourcecode.swift; path = OAuthRepository.swift; sourceTree = "<group>"; };
		128A36BE2C8878DA00580579 /* OAuthUsecase.swift */ = {isa = PBXFileReference; lastKnownFileType = sourcecode.swift; path = OAuthUsecase.swift; sourceTree = "<group>"; };
		128A36C02C887C7400580579 /* SignInViewController.swift */ = {isa = PBXFileReference; lastKnownFileType = sourcecode.swift; path = SignInViewController.swift; sourceTree = "<group>"; };
		128A36C22C887C9D00580579 /* SignInViewModel.swift */ = {isa = PBXFileReference; lastKnownFileType = sourcecode.swift; path = SignInViewModel.swift; sourceTree = "<group>"; };
		128A36C42C887CBB00580579 /* SignInCoordinator.swift */ = {isa = PBXFileReference; lastKnownFileType = sourcecode.swift; path = SignInCoordinator.swift; sourceTree = "<group>"; };
		128A36CC2C889F6600580579 /* User.swift */ = {isa = PBXFileReference; lastKnownFileType = sourcecode.swift; path = User.swift; sourceTree = "<group>"; };
		128A36D22C88A40F00580579 /* NetworkService.swift */ = {isa = PBXFileReference; lastKnownFileType = sourcecode.swift; path = NetworkService.swift; sourceTree = "<group>"; };
		128A36D52C88A6C400580579 /* NetworkService+Rx.swift */ = {isa = PBXFileReference; lastKnownFileType = sourcecode.swift; path = "NetworkService+Rx.swift"; sourceTree = "<group>"; };
		128A36D72C88B04D00580579 /* AuthInterceptor.swift */ = {isa = PBXFileReference; lastKnownFileType = sourcecode.swift; path = AuthInterceptor.swift; sourceTree = "<group>"; };
		128A36D92C88C21500580579 /* Constants.swift */ = {isa = PBXFileReference; lastKnownFileType = sourcecode.swift; path = Constants.swift; sourceTree = "<group>"; };
		128A36DD2C89CD4E00580579 /* WellCCogitEventBus.swift */ = {isa = PBXFileReference; lastKnownFileType = sourcecode.swift; path = WellCCogitEventBus.swift; sourceTree = "<group>"; };
		128A36E02C89CF5C00580579 /* EventBus.swift */ = {isa = PBXFileReference; lastKnownFileType = sourcecode.swift; path = EventBus.swift; sourceTree = "<group>"; };
		128A36E42C89D3F600580579 /* OAuthTokenResponse.swift */ = {isa = PBXFileReference; lastKnownFileType = sourcecode.swift; path = OAuthTokenResponse.swift; sourceTree = "<group>"; };
		128A36E62C89D93800580579 /* HomeViewController.swift */ = {isa = PBXFileReference; lastKnownFileType = sourcecode.swift; path = HomeViewController.swift; sourceTree = "<group>"; };
		128A36E82C89D97C00580579 /* HomeCoordinator.swift */ = {isa = PBXFileReference; lastKnownFileType = sourcecode.swift; path = HomeCoordinator.swift; sourceTree = "<group>"; };
		128A36EA2C89D9B200580579 /* HomeViewModel.swift */ = {isa = PBXFileReference; lastKnownFileType = sourcecode.swift; path = HomeViewModel.swift; sourceTree = "<group>"; };
		128A36EE2C8A145500580579 /* NavigationConfigurable.swift */ = {isa = PBXFileReference; lastKnownFileType = sourcecode.swift; path = NavigationConfigurable.swift; sourceTree = "<group>"; };
		128A36F02C8A175A00580579 /* WellCCogitNavigationController.swift */ = {isa = PBXFileReference; lastKnownFileType = sourcecode.swift; path = WellCCogitNavigationController.swift; sourceTree = "<group>"; };
		128A36F22C8A1F0500580579 /* UIImage+Extensions.swift */ = {isa = PBXFileReference; lastKnownFileType = sourcecode.swift; path = "UIImage+Extensions.swift"; sourceTree = "<group>"; };
		129C61CD2C8DE2A500ED20E9 /* CollectionViewHandler.swift */ = {isa = PBXFileReference; lastKnownFileType = sourcecode.swift; path = CollectionViewHandler.swift; sourceTree = "<group>"; };
		129C61CF2C8F046800ED20E9 /* UICollectionView+Extensions.swift */ = {isa = PBXFileReference; lastKnownFileType = sourcecode.swift; path = "UICollectionView+Extensions.swift"; sourceTree = "<group>"; };
		129C61D12C8F071400ED20E9 /* String+Extensions.swift */ = {isa = PBXFileReference; lastKnownFileType = sourcecode.swift; path = "String+Extensions.swift"; sourceTree = "<group>"; };
		129C61D42C8F07FA00ED20E9 /* WellCCogitCellModel.swift */ = {isa = PBXFileReference; lastKnownFileType = sourcecode.swift; path = WellCCogitCellModel.swift; sourceTree = "<group>"; };
		129C61D72C8F0FC900ED20E9 /* CommunityCell.swift */ = {isa = PBXFileReference; lastKnownFileType = sourcecode.swift; path = CommunityCell.swift; sourceTree = "<group>"; };
		129C61D92C8F1F8600ED20E9 /* CommunityCellContentView.swift */ = {isa = PBXFileReference; lastKnownFileType = sourcecode.swift; path = CommunityCellContentView.swift; sourceTree = "<group>"; };
		129C61DC2C8F208600ED20E9 /* ConfigurableUI.swift */ = {isa = PBXFileReference; lastKnownFileType = sourcecode.swift; path = ConfigurableUI.swift; sourceTree = "<group>"; };
		129C61DE2C8F209900ED20E9 /* ModelAdaptable.swift */ = {isa = PBXFileReference; lastKnownFileType = sourcecode.swift; path = ModelAdaptable.swift; sourceTree = "<group>"; };
		129C61E02C8F223000ED20E9 /* ActionAttachable.swift */ = {isa = PBXFileReference; lastKnownFileType = sourcecode.swift; path = ActionAttachable.swift; sourceTree = "<group>"; };
		129C61E22C8F376A00ED20E9 /* CommunityModel.swift */ = {isa = PBXFileReference; lastKnownFileType = sourcecode.swift; path = CommunityModel.swift; sourceTree = "<group>"; };
		129C61E42C8F377C00ED20E9 /* Member.swift */ = {isa = PBXFileReference; lastKnownFileType = sourcecode.swift; path = Member.swift; sourceTree = "<group>"; };
		129C61E82C8F3EA900ED20E9 /* HomeRepository.swift */ = {isa = PBXFileReference; lastKnownFileType = sourcecode.swift; path = HomeRepository.swift; sourceTree = "<group>"; };
		129C61EA2C8F3EB200ED20E9 /* HomeUsecase.swift */ = {isa = PBXFileReference; lastKnownFileType = sourcecode.swift; path = HomeUsecase.swift; sourceTree = "<group>"; };
		129C61EC2C8F436F00ED20E9 /* CellModelConvertible.swift */ = {isa = PBXFileReference; lastKnownFileType = sourcecode.swift; path = CellModelConvertible.swift; sourceTree = "<group>"; };
		129C61EF2C9085F400ED20E9 /* TitleHeader.swift */ = {isa = PBXFileReference; lastKnownFileType = sourcecode.swift; path = TitleHeader.swift; sourceTree = "<group>"; };
		129C61F12C90958B00ED20E9 /* UIColor+Extensions.swift */ = {isa = PBXFileReference; lastKnownFileType = sourcecode.swift; path = "UIColor+Extensions.swift"; sourceTree = "<group>"; };
		12E912AE2C886AA200F3D41C /* WellCCogit.app */ = {isa = PBXFileReference; explicitFileType = wrapper.application; includeInIndex = 0; path = WellCCogit.app; sourceTree = BUILT_PRODUCTS_DIR; };
		12E912B12C886AA200F3D41C /* AppDelegate.swift */ = {isa = PBXFileReference; lastKnownFileType = sourcecode.swift; path = AppDelegate.swift; sourceTree = "<group>"; };
		12E912B32C886AA200F3D41C /* SceneDelegate.swift */ = {isa = PBXFileReference; lastKnownFileType = sourcecode.swift; path = SceneDelegate.swift; sourceTree = "<group>"; };
		12E912B82C886AA200F3D41C /* Base */ = {isa = PBXFileReference; lastKnownFileType = file.storyboard; name = Base; path = Base.lproj/Main.storyboard; sourceTree = "<group>"; };
		12E912BA2C886AA400F3D41C /* Assets.xcassets */ = {isa = PBXFileReference; lastKnownFileType = folder.assetcatalog; path = Assets.xcassets; sourceTree = "<group>"; };
		12E912BD2C886AA400F3D41C /* Base */ = {isa = PBXFileReference; lastKnownFileType = file.storyboard; name = Base; path = Base.lproj/LaunchScreen.storyboard; sourceTree = "<group>"; };
		12E912BF2C886AA400F3D41C /* Info.plist */ = {isa = PBXFileReference; lastKnownFileType = text.plist.xml; path = Info.plist; sourceTree = "<group>"; };
		12E912D82C886DDA00F3D41C /* ViewModelType.swift */ = {isa = PBXFileReference; lastKnownFileType = sourcecode.swift; path = ViewModelType.swift; sourceTree = "<group>"; };
		12E912EF2C886ECC00F3D41C /* InputOutputAttachable.swift */ = {isa = PBXFileReference; lastKnownFileType = sourcecode.swift; path = InputOutputAttachable.swift; sourceTree = "<group>"; };
		12E912F12C886EE400F3D41C /* ViewModelCoordinatable.swift */ = {isa = PBXFileReference; lastKnownFileType = sourcecode.swift; path = ViewModelCoordinatable.swift; sourceTree = "<group>"; };
		12E912F62C886FE500F3D41C /* BaseCoordinator.swift */ = {isa = PBXFileReference; lastKnownFileType = sourcecode.swift; path = BaseCoordinator.swift; sourceTree = "<group>"; };
		12E912F82C88708900F3D41C /* AppCoordinator.swift */ = {isa = PBXFileReference; lastKnownFileType = sourcecode.swift; path = AppCoordinator.swift; sourceTree = "<group>"; };
		12E912FA2C88709F00F3D41C /* ReactiveCoordinator.swift */ = {isa = PBXFileReference; lastKnownFileType = sourcecode.swift; path = ReactiveCoordinator.swift; sourceTree = "<group>"; };
		12E912FC2C8870BD00F3D41C /* CoordinatorForwardable.swift */ = {isa = PBXFileReference; lastKnownFileType = sourcecode.swift; path = CoordinatorForwardable.swift; sourceTree = "<group>"; };
		12E912FE2C88712E00F3D41C /* CoordinatorTransitionType.swift */ = {isa = PBXFileReference; lastKnownFileType = sourcecode.swift; path = CoordinatorTransitionType.swift; sourceTree = "<group>"; };
		12E913002C88716300F3D41C /* CoordinatorTransitable.swift */ = {isa = PBXFileReference; lastKnownFileType = sourcecode.swift; path = CoordinatorTransitable.swift; sourceTree = "<group>"; };
		1E625008B680E0ECE5239A10 /* Pods_WellCCogit.framework */ = {isa = PBXFileReference; explicitFileType = wrapper.framework; includeInIndex = 0; path = Pods_WellCCogit.framework; sourceTree = BUILT_PRODUCTS_DIR; };
		8ED5AAC9C4549ADC5D8FBD7D /* Pods-WellCCogit.debug.xcconfig */ = {isa = PBXFileReference; includeInIndex = 1; lastKnownFileType = text.xcconfig; name = "Pods-WellCCogit.debug.xcconfig"; path = "Target Support Files/Pods-WellCCogit/Pods-WellCCogit.debug.xcconfig"; sourceTree = "<group>"; };
		E2010AD964C3AA6D2FAD64BC /* Pods-WellCCogit.release.xcconfig */ = {isa = PBXFileReference; includeInIndex = 1; lastKnownFileType = text.xcconfig; name = "Pods-WellCCogit.release.xcconfig"; path = "Target Support Files/Pods-WellCCogit/Pods-WellCCogit.release.xcconfig"; sourceTree = "<group>"; };
/* End PBXFileReference section */

/* Begin PBXFrameworksBuildPhase section */
		12E912AB2C886AA200F3D41C /* Frameworks */ = {
			isa = PBXFrameworksBuildPhase;
			buildActionMask = 2147483647;
			files = (
				AE07B9EAA0AE360D67404614 /* Pods_WellCCogit.framework in Frameworks */,
			);
			runOnlyForDeploymentPostprocessing = 0;
		};
/* End PBXFrameworksBuildPhase section */

/* Begin PBXGroup section */
		128A36B52C88781100580579 /* Base */ = {
			isa = PBXGroup;
			children = (
				128A36B62C88781A00580579 /* ViewModelBindable.swift */,
				128A36B82C88782B00580579 /* BaseViewController.swift */,
			);
			path = Base;
			sourceTree = "<group>";
		};
		128A36CB2C889F5C00580579 /* Model */ = {
			isa = PBXGroup;
			children = (
				128A36CC2C889F6600580579 /* User.swift */,
				128A36E42C89D3F600580579 /* OAuthTokenResponse.swift */,
				129C61E22C8F376A00ED20E9 /* CommunityModel.swift */,
				129C61E42C8F377C00ED20E9 /* Member.swift */,
			);
			path = Model;
			sourceTree = "<group>";
		};
		128A36CE2C88A3ED00580579 /* Services */ = {
			isa = PBXGroup;
			children = (
				128A36DF2C89CF5300580579 /* EventBus */,
				128A36CF2C88A3F900580579 /* Network */,
			);
			path = Services;
			sourceTree = "<group>";
		};
		128A36CF2C88A3F900580579 /* Network */ = {
			isa = PBXGroup;
			children = (
				128A36D12C88A40800580579 /* Router */,
				128A36D02C88A40300580579 /* Interceptor */,
				128A36D22C88A40F00580579 /* NetworkService.swift */,
			);
			path = Network;
			sourceTree = "<group>";
		};
		128A36D02C88A40300580579 /* Interceptor */ = {
			isa = PBXGroup;
			children = (
				128A36D72C88B04D00580579 /* AuthInterceptor.swift */,
			);
			path = Interceptor;
			sourceTree = "<group>";
		};
		128A36D12C88A40800580579 /* Router */ = {
			isa = PBXGroup;
			children = (
			);
			path = Router;
			sourceTree = "<group>";
		};
		128A36D42C88A6B800580579 /* Extensions */ = {
			isa = PBXGroup;
			children = (
				128A36D52C88A6C400580579 /* NetworkService+Rx.swift */,
				128A36F22C8A1F0500580579 /* UIImage+Extensions.swift */,
				129C61CF2C8F046800ED20E9 /* UICollectionView+Extensions.swift */,
				129C61D12C8F071400ED20E9 /* String+Extensions.swift */,
				129C61F12C90958B00ED20E9 /* UIColor+Extensions.swift */,
			);
			path = Extensions;
			sourceTree = "<group>";
		};
		128A36DF2C89CF5300580579 /* EventBus */ = {
			isa = PBXGroup;
			children = (
				128A36E02C89CF5C00580579 /* EventBus.swift */,
				128A36DD2C89CD4E00580579 /* WellCCogitEventBus.swift */,
			);
			path = EventBus;
			sourceTree = "<group>";
		};
		128A36ED2C8A143500580579 /* NavigationController */ = {
			isa = PBXGroup;
			children = (
				128A36EE2C8A145500580579 /* NavigationConfigurable.swift */,
				128A36F02C8A175A00580579 /* WellCCogitNavigationController.swift */,
			);
			path = NavigationController;
			sourceTree = "<group>";
		};
		129C61CB2C8DE29300ED20E9 /* Handler */ = {
			isa = PBXGroup;
			children = (
				129C61CD2C8DE2A500ED20E9 /* CollectionViewHandler.swift */,
				129C61D42C8F07FA00ED20E9 /* WellCCogitCellModel.swift */,
			);
			path = Handler;
			sourceTree = "<group>";
		};
		129C61D62C8F0F9100ED20E9 /* CollectionViewCell */ = {
			isa = PBXGroup;
			children = (
				129C61D72C8F0FC900ED20E9 /* CommunityCell.swift */,
				129C61D92C8F1F8600ED20E9 /* CommunityCellContentView.swift */,
			);
			path = CollectionViewCell;
			sourceTree = "<group>";
		};
		129C61DB2C8F207500ED20E9 /* Protocol */ = {
			isa = PBXGroup;
			children = (
				129C61DC2C8F208600ED20E9 /* ConfigurableUI.swift */,
				129C61DE2C8F209900ED20E9 /* ModelAdaptable.swift */,
				129C61E02C8F223000ED20E9 /* ActionAttachable.swift */,
				129C61EC2C8F436F00ED20E9 /* CellModelConvertible.swift */,
			);
			path = Protocol;
			sourceTree = "<group>";
		};
		129C61EE2C9085E300ED20E9 /* CollectionReusableView */ = {
			isa = PBXGroup;
			children = (
				129C61EF2C9085F400ED20E9 /* TitleHeader.swift */,
			);
			path = CollectionReusableView;
			sourceTree = "<group>";
		};
		12E912A52C886AA200F3D41C = {
			isa = PBXGroup;
			children = (
				12E912B02C886AA200F3D41C /* WellCCogit */,
				12E912AF2C886AA200F3D41C /* Products */,
				AD52BF170FE2FE3211BB8DE9 /* Pods */,
				64E045ED417DCC1943739201 /* Frameworks */,
			);
			sourceTree = "<group>";
		};
		12E912AF2C886AA200F3D41C /* Products */ = {
			isa = PBXGroup;
			children = (
				12E912AE2C886AA200F3D41C /* WellCCogit.app */,
			);
			name = Products;
			sourceTree = "<group>";
		};
		12E912B02C886AA200F3D41C /* WellCCogit */ = {
			isa = PBXGroup;
			children = (
				129C61DB2C8F207500ED20E9 /* Protocol */,
				12E912D62C886D1A00F3D41C /* Common */,
				128A36D42C88A6B800580579 /* Extensions */,
				128A36CE2C88A3ED00580579 /* Services */,
				12E912D42C886D0A00F3D41C /* Domain */,
				12E912D52C886D1200F3D41C /* Repository */,
				128A36CB2C889F5C00580579 /* Model */,
				12E912D02C886CEC00F3D41C /* View */,
				12E912D12C886CF000F3D41C /* ViewModel */,
				12E912D22C886CF500F3D41C /* ViewController */,
				12E912D32C886D0000F3D41C /* Coordinator */,
				12E912B12C886AA200F3D41C /* AppDelegate.swift */,
				12E912B32C886AA200F3D41C /* SceneDelegate.swift */,
				12E912B72C886AA200F3D41C /* Main.storyboard */,
				12E912BA2C886AA400F3D41C /* Assets.xcassets */,
				12E912BC2C886AA400F3D41C /* LaunchScreen.storyboard */,
				12E912BF2C886AA400F3D41C /* Info.plist */,
			);
			path = WellCCogit;
			sourceTree = "<group>";
		};
		12E912D02C886CEC00F3D41C /* View */ = {
			isa = PBXGroup;
			children = (
				129C61EE2C9085E300ED20E9 /* CollectionReusableView */,
				129C61D62C8F0F9100ED20E9 /* CollectionViewCell */,
				128A36ED2C8A143500580579 /* NavigationController */,
			);
			path = View;
			sourceTree = "<group>";
		};
		12E912D12C886CF000F3D41C /* ViewModel */ = {
			isa = PBXGroup;
			children = (
				12E912D72C886DCF00F3D41C /* Base */,
				128A36B12C8877E200580579 /* SplashViewModel.swift */,
				128A36C22C887C9D00580579 /* SignInViewModel.swift */,
				128A36EA2C89D9B200580579 /* HomeViewModel.swift */,
			);
			path = ViewModel;
			sourceTree = "<group>";
		};
		12E912D22C886CF500F3D41C /* ViewController */ = {
			isa = PBXGroup;
			children = (
				128A36B52C88781100580579 /* Base */,
				128A36B32C8877FA00580579 /* SplashViewController.swift */,
				128A36C02C887C7400580579 /* SignInViewController.swift */,
				128A36E62C89D93800580579 /* HomeViewController.swift */,
			);
			path = ViewController;
			sourceTree = "<group>";
		};
		12E912D32C886D0000F3D41C /* Coordinator */ = {
			isa = PBXGroup;
			children = (
				12E912F32C886F6B00F3D41C /* Base */,
				12E912F82C88708900F3D41C /* AppCoordinator.swift */,
				128A36AF2C8877C800580579 /* SplashCoordinator.swift */,
				128A36C42C887CBB00580579 /* SignInCoordinator.swift */,
				128A36E82C89D97C00580579 /* HomeCoordinator.swift */,
			);
			path = Coordinator;
			sourceTree = "<group>";
		};
		12E912D42C886D0A00F3D41C /* Domain */ = {
			isa = PBXGroup;
			children = (
				128A36BE2C8878DA00580579 /* OAuthUsecase.swift */,
				129C61EA2C8F3EB200ED20E9 /* HomeUsecase.swift */,
			);
			path = Domain;
			sourceTree = "<group>";
		};
		12E912D52C886D1200F3D41C /* Repository */ = {
			isa = PBXGroup;
			children = (
				128A36BA2C8878A000580579 /* RepositoryType.swift */,
				128A36BC2C8878AF00580579 /* OAuthRepository.swift */,
				129C61E82C8F3EA900ED20E9 /* HomeRepository.swift */,
			);
			path = Repository;
			sourceTree = "<group>";
		};
		12E912D62C886D1A00F3D41C /* Common */ = {
			isa = PBXGroup;
			children = (
				129C61CB2C8DE29300ED20E9 /* Handler */,
				128A36D92C88C21500580579 /* Constants.swift */,
			);
			path = Common;
			sourceTree = "<group>";
		};
		12E912D72C886DCF00F3D41C /* Base */ = {
			isa = PBXGroup;
			children = (
				12E912D82C886DDA00F3D41C /* ViewModelType.swift */,
				12E912EF2C886ECC00F3D41C /* InputOutputAttachable.swift */,
				12E912F12C886EE400F3D41C /* ViewModelCoordinatable.swift */,
			);
			path = Base;
			sourceTree = "<group>";
		};
		12E912F32C886F6B00F3D41C /* Base */ = {
			isa = PBXGroup;
			children = (
				12E912F62C886FE500F3D41C /* BaseCoordinator.swift */,
				12E912FA2C88709F00F3D41C /* ReactiveCoordinator.swift */,
				12E912FE2C88712E00F3D41C /* CoordinatorTransitionType.swift */,
				12E912FC2C8870BD00F3D41C /* CoordinatorForwardable.swift */,
				12E913002C88716300F3D41C /* CoordinatorTransitable.swift */,
			);
			path = Base;
			sourceTree = "<group>";
		};
		64E045ED417DCC1943739201 /* Frameworks */ = {
			isa = PBXGroup;
			children = (
				1E625008B680E0ECE5239A10 /* Pods_WellCCogit.framework */,
			);
			name = Frameworks;
			sourceTree = "<group>";
		};
		AD52BF170FE2FE3211BB8DE9 /* Pods */ = {
			isa = PBXGroup;
			children = (
				8ED5AAC9C4549ADC5D8FBD7D /* Pods-WellCCogit.debug.xcconfig */,
				E2010AD964C3AA6D2FAD64BC /* Pods-WellCCogit.release.xcconfig */,
			);
			path = Pods;
			sourceTree = "<group>";
		};
/* End PBXGroup section */

/* Begin PBXNativeTarget section */
		12E912AD2C886AA200F3D41C /* WellCCogit */ = {
			isa = PBXNativeTarget;
			buildConfigurationList = 12E912C22C886AA400F3D41C /* Build configuration list for PBXNativeTarget "WellCCogit" */;
			buildPhases = (
				8E14A3C386E2F0B2C28D4CA8 /* [CP] Check Pods Manifest.lock */,
				12E912AA2C886AA200F3D41C /* Sources */,
				12E912AB2C886AA200F3D41C /* Frameworks */,
				12E912AC2C886AA200F3D41C /* Resources */,
				FE1A43997EABCCF9079368FE /* [CP] Embed Pods Frameworks */,
			);
			buildRules = (
			);
			dependencies = (
			);
			name = WellCCogit;
			productName = WellCCogit;
			productReference = 12E912AE2C886AA200F3D41C /* WellCCogit.app */;
			productType = "com.apple.product-type.application";
		};
/* End PBXNativeTarget section */

/* Begin PBXProject section */
		12E912A62C886AA200F3D41C /* Project object */ = {
			isa = PBXProject;
			attributes = {
				BuildIndependentTargetsInParallel = 1;
				LastSwiftUpdateCheck = 1540;
				LastUpgradeCheck = 1540;
				TargetAttributes = {
					12E912AD2C886AA200F3D41C = {
						CreatedOnToolsVersion = 15.4;
					};
				};
			};
			buildConfigurationList = 12E912A92C886AA200F3D41C /* Build configuration list for PBXProject "WellCCogit" */;
			compatibilityVersion = "Xcode 14.0";
			developmentRegion = en;
			hasScannedForEncodings = 0;
			knownRegions = (
				en,
				Base,
			);
			mainGroup = 12E912A52C886AA200F3D41C;
			productRefGroup = 12E912AF2C886AA200F3D41C /* Products */;
			projectDirPath = "";
			projectRoot = "";
			targets = (
				12E912AD2C886AA200F3D41C /* WellCCogit */,
			);
		};
/* End PBXProject section */

/* Begin PBXResourcesBuildPhase section */
		12E912AC2C886AA200F3D41C /* Resources */ = {
			isa = PBXResourcesBuildPhase;
			buildActionMask = 2147483647;
			files = (
				12E912BB2C886AA400F3D41C /* Assets.xcassets in Resources */,
				12E912BE2C886AA400F3D41C /* Base in Resources */,
				12E912B92C886AA200F3D41C /* Base in Resources */,
			);
			runOnlyForDeploymentPostprocessing = 0;
		};
/* End PBXResourcesBuildPhase section */

/* Begin PBXShellScriptBuildPhase section */
		8E14A3C386E2F0B2C28D4CA8 /* [CP] Check Pods Manifest.lock */ = {
			isa = PBXShellScriptBuildPhase;
			buildActionMask = 2147483647;
			files = (
			);
			inputFileListPaths = (
			);
			inputPaths = (
				"${PODS_PODFILE_DIR_PATH}/Podfile.lock",
				"${PODS_ROOT}/Manifest.lock",
			);
			name = "[CP] Check Pods Manifest.lock";
			outputFileListPaths = (
			);
			outputPaths = (
				"$(DERIVED_FILE_DIR)/Pods-WellCCogit-checkManifestLockResult.txt",
			);
			runOnlyForDeploymentPostprocessing = 0;
			shellPath = /bin/sh;
			shellScript = "diff \"${PODS_PODFILE_DIR_PATH}/Podfile.lock\" \"${PODS_ROOT}/Manifest.lock\" > /dev/null\nif [ $? != 0 ] ; then\n    # print error to STDERR\n    echo \"error: The sandbox is not in sync with the Podfile.lock. Run 'pod install' or update your CocoaPods installation.\" >&2\n    exit 1\nfi\n# This output is used by Xcode 'outputs' to avoid re-running this script phase.\necho \"SUCCESS\" > \"${SCRIPT_OUTPUT_FILE_0}\"\n";
			showEnvVarsInLog = 0;
		};
		FE1A43997EABCCF9079368FE /* [CP] Embed Pods Frameworks */ = {
			isa = PBXShellScriptBuildPhase;
			buildActionMask = 2147483647;
			files = (
			);
			inputFileListPaths = (
				"${PODS_ROOT}/Target Support Files/Pods-WellCCogit/Pods-WellCCogit-frameworks-${CONFIGURATION}-input-files.xcfilelist",
			);
			name = "[CP] Embed Pods Frameworks";
			outputFileListPaths = (
				"${PODS_ROOT}/Target Support Files/Pods-WellCCogit/Pods-WellCCogit-frameworks-${CONFIGURATION}-output-files.xcfilelist",
			);
			runOnlyForDeploymentPostprocessing = 0;
			shellPath = /bin/sh;
			shellScript = "\"${PODS_ROOT}/Target Support Files/Pods-WellCCogit/Pods-WellCCogit-frameworks.sh\"\n";
			showEnvVarsInLog = 0;
		};
/* End PBXShellScriptBuildPhase section */

/* Begin PBXSourcesBuildPhase section */
		12E912AA2C886AA200F3D41C /* Sources */ = {
			isa = PBXSourcesBuildPhase;
			buildActionMask = 2147483647;
			files = (
				129C61D02C8F046800ED20E9 /* UICollectionView+Extensions.swift in Sources */,
				129C61D22C8F071400ED20E9 /* String+Extensions.swift in Sources */,
				129C61D52C8F07FA00ED20E9 /* WellCCogitCellModel.swift in Sources */,
				129C61F22C90958B00ED20E9 /* UIColor+Extensions.swift in Sources */,
				128A36BF2C8878DA00580579 /* OAuthUsecase.swift in Sources */,
				128A36EB2C89D9B200580579 /* HomeViewModel.swift in Sources */,
				129C61ED2C8F436F00ED20E9 /* CellModelConvertible.swift in Sources */,
				128A36D82C88B04D00580579 /* AuthInterceptor.swift in Sources */,
				128A36E72C89D93800580579 /* HomeViewController.swift in Sources */,
				12E912D92C886DDA00F3D41C /* ViewModelType.swift in Sources */,
				128A36F12C8A175A00580579 /* WellCCogitNavigationController.swift in Sources */,
				128A36B02C8877C800580579 /* SplashCoordinator.swift in Sources */,
				129C61DA2C8F1F8600ED20E9 /* CommunityCellContentView.swift in Sources */,
				128A36EF2C8A145500580579 /* NavigationConfigurable.swift in Sources */,
				128A36CD2C889F6600580579 /* User.swift in Sources */,
				129C61EB2C8F3EB200ED20E9 /* HomeUsecase.swift in Sources */,
				128A36DA2C88C21500580579 /* Constants.swift in Sources */,
				128A36B22C8877E200580579 /* SplashViewModel.swift in Sources */,
				12E912FB2C88709F00F3D41C /* ReactiveCoordinator.swift in Sources */,
				12E912B22C886AA200F3D41C /* AppDelegate.swift in Sources */,
				128A36B42C8877FA00580579 /* SplashViewController.swift in Sources */,
				12E913012C88716300F3D41C /* CoordinatorTransitable.swift in Sources */,
				129C61E52C8F377C00ED20E9 /* Member.swift in Sources */,
				129C61CE2C8DE2A500ED20E9 /* CollectionViewHandler.swift in Sources */,
				128A36F32C8A1F0500580579 /* UIImage+Extensions.swift in Sources */,
				12E912B42C886AA200F3D41C /* SceneDelegate.swift in Sources */,
				128A36BB2C8878A000580579 /* RepositoryType.swift in Sources */,
				12E912F92C88708900F3D41C /* AppCoordinator.swift in Sources */,
				128A36B72C88781A00580579 /* ViewModelBindable.swift in Sources */,
				129C61D82C8F0FC900ED20E9 /* CommunityCell.swift in Sources */,
				128A36D62C88A6C400580579 /* NetworkService+Rx.swift in Sources */,
				128A36E52C89D3F600580579 /* OAuthTokenResponse.swift in Sources */,
				128A36C12C887C7400580579 /* SignInViewController.swift in Sources */,
				12E912F72C886FE500F3D41C /* BaseCoordinator.swift in Sources */,
				12E912F22C886EE400F3D41C /* ViewModelCoordinatable.swift in Sources */,
				12E912FF2C88712E00F3D41C /* CoordinatorTransitionType.swift in Sources */,
				128A36DE2C89CD4E00580579 /* WellCCogitEventBus.swift in Sources */,
				128A36E12C89CF5C00580579 /* EventBus.swift in Sources */,
				128A36B92C88782B00580579 /* BaseViewController.swift in Sources */,
				128A36C32C887C9D00580579 /* SignInViewModel.swift in Sources */,
				128A36C52C887CBB00580579 /* SignInCoordinator.swift in Sources */,
				128A36BD2C8878AF00580579 /* OAuthRepository.swift in Sources */,
				12E912FD2C8870BD00F3D41C /* CoordinatorForwardable.swift in Sources */,
				129C61E92C8F3EA900ED20E9 /* HomeRepository.swift in Sources */,
				128A36E92C89D97C00580579 /* HomeCoordinator.swift in Sources */,
				129C61DD2C8F208600ED20E9 /* ConfigurableUI.swift in Sources */,
				128A36D32C88A40F00580579 /* NetworkService.swift in Sources */,
				129C61E12C8F223000ED20E9 /* ActionAttachable.swift in Sources */,
				129C61E32C8F376A00ED20E9 /* CommunityModel.swift in Sources */,
				129C61DF2C8F209900ED20E9 /* ModelAdaptable.swift in Sources */,
				129C61F02C9085F400ED20E9 /* TitleHeader.swift in Sources */,
				12E912F02C886ECC00F3D41C /* InputOutputAttachable.swift in Sources */,
			);
			runOnlyForDeploymentPostprocessing = 0;
		};
/* End PBXSourcesBuildPhase section */

/* Begin PBXVariantGroup section */
		12E912B72C886AA200F3D41C /* Main.storyboard */ = {
			isa = PBXVariantGroup;
			children = (
				12E912B82C886AA200F3D41C /* Base */,
			);
			name = Main.storyboard;
			sourceTree = "<group>";
		};
		12E912BC2C886AA400F3D41C /* LaunchScreen.storyboard */ = {
			isa = PBXVariantGroup;
			children = (
				12E912BD2C886AA400F3D41C /* Base */,
			);
			name = LaunchScreen.storyboard;
			sourceTree = "<group>";
		};
/* End PBXVariantGroup section */

/* Begin XCBuildConfiguration section */
		12E912C02C886AA400F3D41C /* Debug */ = {
			isa = XCBuildConfiguration;
			buildSettings = {
				ALWAYS_SEARCH_USER_PATHS = NO;
				ASSETCATALOG_COMPILER_GENERATE_SWIFT_ASSET_SYMBOL_EXTENSIONS = YES;
				CLANG_ANALYZER_NONNULL = YES;
				CLANG_ANALYZER_NUMBER_OBJECT_CONVERSION = YES_AGGRESSIVE;
				CLANG_CXX_LANGUAGE_STANDARD = "gnu++20";
				CLANG_ENABLE_MODULES = YES;
				CLANG_ENABLE_OBJC_ARC = YES;
				CLANG_ENABLE_OBJC_WEAK = YES;
				CLANG_WARN_BLOCK_CAPTURE_AUTORELEASING = YES;
				CLANG_WARN_BOOL_CONVERSION = YES;
				CLANG_WARN_COMMA = YES;
				CLANG_WARN_CONSTANT_CONVERSION = YES;
				CLANG_WARN_DEPRECATED_OBJC_IMPLEMENTATIONS = YES;
				CLANG_WARN_DIRECT_OBJC_ISA_USAGE = YES_ERROR;
				CLANG_WARN_DOCUMENTATION_COMMENTS = YES;
				CLANG_WARN_EMPTY_BODY = YES;
				CLANG_WARN_ENUM_CONVERSION = YES;
				CLANG_WARN_INFINITE_RECURSION = YES;
				CLANG_WARN_INT_CONVERSION = YES;
				CLANG_WARN_NON_LITERAL_NULL_CONVERSION = YES;
				CLANG_WARN_OBJC_IMPLICIT_RETAIN_SELF = YES;
				CLANG_WARN_OBJC_LITERAL_CONVERSION = YES;
				CLANG_WARN_OBJC_ROOT_CLASS = YES_ERROR;
				CLANG_WARN_QUOTED_INCLUDE_IN_FRAMEWORK_HEADER = YES;
				CLANG_WARN_RANGE_LOOP_ANALYSIS = YES;
				CLANG_WARN_STRICT_PROTOTYPES = YES;
				CLANG_WARN_SUSPICIOUS_MOVE = YES;
				CLANG_WARN_UNGUARDED_AVAILABILITY = YES_AGGRESSIVE;
				CLANG_WARN_UNREACHABLE_CODE = YES;
				CLANG_WARN__DUPLICATE_METHOD_MATCH = YES;
				COPY_PHASE_STRIP = NO;
				DEBUG_INFORMATION_FORMAT = dwarf;
				ENABLE_STRICT_OBJC_MSGSEND = YES;
				ENABLE_TESTABILITY = YES;
				ENABLE_USER_SCRIPT_SANDBOXING = NO;
				GCC_C_LANGUAGE_STANDARD = gnu17;
				GCC_DYNAMIC_NO_PIC = NO;
				GCC_NO_COMMON_BLOCKS = YES;
				GCC_OPTIMIZATION_LEVEL = 0;
				GCC_PREPROCESSOR_DEFINITIONS = (
					"DEBUG=1",
					"$(inherited)",
				);
				GCC_WARN_64_TO_32_BIT_CONVERSION = YES;
				GCC_WARN_ABOUT_RETURN_TYPE = YES_ERROR;
				GCC_WARN_UNDECLARED_SELECTOR = YES;
				GCC_WARN_UNINITIALIZED_AUTOS = YES_AGGRESSIVE;
				GCC_WARN_UNUSED_FUNCTION = YES;
				GCC_WARN_UNUSED_VARIABLE = YES;
				IPHONEOS_DEPLOYMENT_TARGET = 17.5;
				LOCALIZATION_PREFERS_STRING_CATALOGS = YES;
				MTL_ENABLE_DEBUG_INFO = INCLUDE_SOURCE;
				MTL_FAST_MATH = YES;
				ONLY_ACTIVE_ARCH = YES;
				SDKROOT = iphoneos;
				SWIFT_ACTIVE_COMPILATION_CONDITIONS = "DEBUG $(inherited)";
				SWIFT_OPTIMIZATION_LEVEL = "-Onone";
			};
			name = Debug;
		};
		12E912C12C886AA400F3D41C /* Release */ = {
			isa = XCBuildConfiguration;
			buildSettings = {
				ALWAYS_SEARCH_USER_PATHS = NO;
				ASSETCATALOG_COMPILER_GENERATE_SWIFT_ASSET_SYMBOL_EXTENSIONS = YES;
				CLANG_ANALYZER_NONNULL = YES;
				CLANG_ANALYZER_NUMBER_OBJECT_CONVERSION = YES_AGGRESSIVE;
				CLANG_CXX_LANGUAGE_STANDARD = "gnu++20";
				CLANG_ENABLE_MODULES = YES;
				CLANG_ENABLE_OBJC_ARC = YES;
				CLANG_ENABLE_OBJC_WEAK = YES;
				CLANG_WARN_BLOCK_CAPTURE_AUTORELEASING = YES;
				CLANG_WARN_BOOL_CONVERSION = YES;
				CLANG_WARN_COMMA = YES;
				CLANG_WARN_CONSTANT_CONVERSION = YES;
				CLANG_WARN_DEPRECATED_OBJC_IMPLEMENTATIONS = YES;
				CLANG_WARN_DIRECT_OBJC_ISA_USAGE = YES_ERROR;
				CLANG_WARN_DOCUMENTATION_COMMENTS = YES;
				CLANG_WARN_EMPTY_BODY = YES;
				CLANG_WARN_ENUM_CONVERSION = YES;
				CLANG_WARN_INFINITE_RECURSION = YES;
				CLANG_WARN_INT_CONVERSION = YES;
				CLANG_WARN_NON_LITERAL_NULL_CONVERSION = YES;
				CLANG_WARN_OBJC_IMPLICIT_RETAIN_SELF = YES;
				CLANG_WARN_OBJC_LITERAL_CONVERSION = YES;
				CLANG_WARN_OBJC_ROOT_CLASS = YES_ERROR;
				CLANG_WARN_QUOTED_INCLUDE_IN_FRAMEWORK_HEADER = YES;
				CLANG_WARN_RANGE_LOOP_ANALYSIS = YES;
				CLANG_WARN_STRICT_PROTOTYPES = YES;
				CLANG_WARN_SUSPICIOUS_MOVE = YES;
				CLANG_WARN_UNGUARDED_AVAILABILITY = YES_AGGRESSIVE;
				CLANG_WARN_UNREACHABLE_CODE = YES;
				CLANG_WARN__DUPLICATE_METHOD_MATCH = YES;
				COPY_PHASE_STRIP = NO;
				DEBUG_INFORMATION_FORMAT = "dwarf-with-dsym";
				ENABLE_NS_ASSERTIONS = NO;
				ENABLE_STRICT_OBJC_MSGSEND = YES;
				ENABLE_USER_SCRIPT_SANDBOXING = NO;
				GCC_C_LANGUAGE_STANDARD = gnu17;
				GCC_NO_COMMON_BLOCKS = YES;
				GCC_WARN_64_TO_32_BIT_CONVERSION = YES;
				GCC_WARN_ABOUT_RETURN_TYPE = YES_ERROR;
				GCC_WARN_UNDECLARED_SELECTOR = YES;
				GCC_WARN_UNINITIALIZED_AUTOS = YES_AGGRESSIVE;
				GCC_WARN_UNUSED_FUNCTION = YES;
				GCC_WARN_UNUSED_VARIABLE = YES;
				IPHONEOS_DEPLOYMENT_TARGET = 17.5;
				LOCALIZATION_PREFERS_STRING_CATALOGS = YES;
				MTL_ENABLE_DEBUG_INFO = NO;
				MTL_FAST_MATH = YES;
				SDKROOT = iphoneos;
				SWIFT_COMPILATION_MODE = wholemodule;
				VALIDATE_PRODUCT = YES;
			};
			name = Release;
		};
		12E912C32C886AA400F3D41C /* Debug */ = {
			isa = XCBuildConfiguration;
			baseConfigurationReference = 8ED5AAC9C4549ADC5D8FBD7D /* Pods-WellCCogit.debug.xcconfig */;
			buildSettings = {
				ASSETCATALOG_COMPILER_APPICON_NAME = AppIcon;
				ASSETCATALOG_COMPILER_GLOBAL_ACCENT_COLOR_NAME = AccentColor;
				CODE_SIGN_STYLE = Automatic;
				CURRENT_PROJECT_VERSION = 1;
				DEVELOPMENT_TEAM = 23JY2CM997;
				GENERATE_INFOPLIST_FILE = YES;
				INFOPLIST_FILE = WellCCogit/Info.plist;
				INFOPLIST_KEY_UIApplicationSupportsIndirectInputEvents = YES;
				INFOPLIST_KEY_UILaunchStoryboardName = LaunchScreen;
				INFOPLIST_KEY_UIMainStoryboardFile = Main;
				INFOPLIST_KEY_UISupportedInterfaceOrientations_iPad = "UIInterfaceOrientationPortrait UIInterfaceOrientationPortraitUpsideDown UIInterfaceOrientationLandscapeLeft UIInterfaceOrientationLandscapeRight";
				INFOPLIST_KEY_UISupportedInterfaceOrientations_iPhone = "UIInterfaceOrientationPortrait UIInterfaceOrientationLandscapeLeft UIInterfaceOrientationLandscapeRight";
				LD_RUNPATH_SEARCH_PATHS = (
					"$(inherited)",
					"@executable_path/Frameworks",
				);
				MARKETING_VERSION = 1.0;
				PRODUCT_BUNDLE_IDENTIFIER = com.junho.WellCCogit;
				PRODUCT_NAME = "$(TARGET_NAME)";
				SWIFT_EMIT_LOC_STRINGS = YES;
				SWIFT_VERSION = 5.0;
				TARGETED_DEVICE_FAMILY = "1,2";
			};
			name = Debug;
		};
		12E912C42C886AA400F3D41C /* Release */ = {
			isa = XCBuildConfiguration;
			baseConfigurationReference = E2010AD964C3AA6D2FAD64BC /* Pods-WellCCogit.release.xcconfig */;
			buildSettings = {
				ASSETCATALOG_COMPILER_APPICON_NAME = AppIcon;
				ASSETCATALOG_COMPILER_GLOBAL_ACCENT_COLOR_NAME = AccentColor;
				CODE_SIGN_STYLE = Automatic;
				CURRENT_PROJECT_VERSION = 1;
				DEVELOPMENT_TEAM = 23JY2CM997;
				GENERATE_INFOPLIST_FILE = YES;
				INFOPLIST_FILE = WellCCogit/Info.plist;
				INFOPLIST_KEY_UIApplicationSupportsIndirectInputEvents = YES;
				INFOPLIST_KEY_UILaunchStoryboardName = LaunchScreen;
				INFOPLIST_KEY_UIMainStoryboardFile = Main;
				INFOPLIST_KEY_UISupportedInterfaceOrientations_iPad = "UIInterfaceOrientationPortrait UIInterfaceOrientationPortraitUpsideDown UIInterfaceOrientationLandscapeLeft UIInterfaceOrientationLandscapeRight";
				INFOPLIST_KEY_UISupportedInterfaceOrientations_iPhone = "UIInterfaceOrientationPortrait UIInterfaceOrientationLandscapeLeft UIInterfaceOrientationLandscapeRight";
				LD_RUNPATH_SEARCH_PATHS = (
					"$(inherited)",
					"@executable_path/Frameworks",
				);
				MARKETING_VERSION = 1.0;
				PRODUCT_BUNDLE_IDENTIFIER = com.junho.WellCCogit;
				PRODUCT_NAME = "$(TARGET_NAME)";
				SWIFT_EMIT_LOC_STRINGS = YES;
				SWIFT_VERSION = 5.0;
				TARGETED_DEVICE_FAMILY = "1,2";
			};
			name = Release;
		};
/* End XCBuildConfiguration section */

/* Begin XCConfigurationList section */
		12E912A92C886AA200F3D41C /* Build configuration list for PBXProject "WellCCogit" */ = {
			isa = XCConfigurationList;
			buildConfigurations = (
				12E912C02C886AA400F3D41C /* Debug */,
				12E912C12C886AA400F3D41C /* Release */,
			);
			defaultConfigurationIsVisible = 0;
			defaultConfigurationName = Release;
		};
		12E912C22C886AA400F3D41C /* Build configuration list for PBXNativeTarget "WellCCogit" */ = {
			isa = XCConfigurationList;
			buildConfigurations = (
				12E912C32C886AA400F3D41C /* Debug */,
				12E912C42C886AA400F3D41C /* Release */,
			);
			defaultConfigurationIsVisible = 0;
			defaultConfigurationName = Release;
		};
/* End XCConfigurationList section */
	};
	rootObject = 12E912A62C886AA200F3D41C /* Project object */;
}
