// !$*UTF8*$!
{
	archiveVersion = 1;
	classes = {
	};
	objectVersion = 56;
	objects = {

/* Begin PBXBuildFile section */
		12E912B22C886AA200F3D41C /* AppDelegate.swift in Sources */ = {isa = PBXBuildFile; fileRef = 12E912B12C886AA200F3D41C /* AppDelegate.swift */; };
		12E912B42C886AA200F3D41C /* SceneDelegate.swift in Sources */ = {isa = PBXBuildFile; fileRef = 12E912B32C886AA200F3D41C /* SceneDelegate.swift */; };
		12E912B62C886AA200F3D41C /* ViewController.swift in Sources */ = {isa = PBXBuildFile; fileRef = 12E912B52C886AA200F3D41C /* ViewController.swift */; };
		12E912B92C886AA200F3D41C /* Base in Resources */ = {isa = PBXBuildFile; fileRef = 12E912B82C886AA200F3D41C /* Base */; };
		12E912BB2C886AA400F3D41C /* Assets.xcassets in Resources */ = {isa = PBXBuildFile; fileRef = 12E912BA2C886AA400F3D41C /* Assets.xcassets */; };
		12E912BE2C886AA400F3D41C /* Base in Resources */ = {isa = PBXBuildFile; fileRef = 12E912BD2C886AA400F3D41C /* Base */; };
		12E912C72C886C9700F3D41C /* Alamofire in Frameworks */ = {isa = PBXBuildFile; productRef = 12E912C62C886C9700F3D41C /* Alamofire */; };
		12E912C92C886C9700F3D41C /* AlamofireDynamic in Frameworks */ = {isa = PBXBuildFile; productRef = 12E912C82C886C9700F3D41C /* AlamofireDynamic */; };
		12E912CC2C886C9D00F3D41C /* SnapKit in Frameworks */ = {isa = PBXBuildFile; productRef = 12E912CB2C886C9D00F3D41C /* SnapKit */; };
		12E912CE2C886C9D00F3D41C /* SnapKit-Dynamic in Frameworks */ = {isa = PBXBuildFile; productRef = 12E912CD2C886C9D00F3D41C /* SnapKit-Dynamic */; };
		12E912D92C886DDA00F3D41C /* ViewModelType.swift in Sources */ = {isa = PBXBuildFile; fileRef = 12E912D82C886DDA00F3D41C /* ViewModelType.swift */; };
		12E912DC2C886EAE00F3D41C /* RxBlocking in Frameworks */ = {isa = PBXBuildFile; productRef = 12E912DB2C886EAE00F3D41C /* RxBlocking */; };
		12E912DE2C886EAE00F3D41C /* RxBlocking-Dynamic in Frameworks */ = {isa = PBXBuildFile; productRef = 12E912DD2C886EAE00F3D41C /* RxBlocking-Dynamic */; };
		12E912E02C886EAE00F3D41C /* RxCocoa in Frameworks */ = {isa = PBXBuildFile; productRef = 12E912DF2C886EAE00F3D41C /* RxCocoa */; };
		12E912E22C886EAE00F3D41C /* RxCocoa-Dynamic in Frameworks */ = {isa = PBXBuildFile; productRef = 12E912E12C886EAE00F3D41C /* RxCocoa-Dynamic */; };
		12E912E42C886EAE00F3D41C /* RxRelay in Frameworks */ = {isa = PBXBuildFile; productRef = 12E912E32C886EAE00F3D41C /* RxRelay */; };
		12E912E62C886EAE00F3D41C /* RxRelay-Dynamic in Frameworks */ = {isa = PBXBuildFile; productRef = 12E912E52C886EAE00F3D41C /* RxRelay-Dynamic */; };
		12E912E82C886EAE00F3D41C /* RxSwift in Frameworks */ = {isa = PBXBuildFile; productRef = 12E912E72C886EAE00F3D41C /* RxSwift */; };
		12E912EA2C886EAE00F3D41C /* RxSwift-Dynamic in Frameworks */ = {isa = PBXBuildFile; productRef = 12E912E92C886EAE00F3D41C /* RxSwift-Dynamic */; };
		12E912EC2C886EAE00F3D41C /* RxTest in Frameworks */ = {isa = PBXBuildFile; productRef = 12E912EB2C886EAE00F3D41C /* RxTest */; };
		12E912EE2C886EAE00F3D41C /* RxTest-Dynamic in Frameworks */ = {isa = PBXBuildFile; productRef = 12E912ED2C886EAE00F3D41C /* RxTest-Dynamic */; };
		12E912F02C886ECC00F3D41C /* InputOutputAttachable.swift in Sources */ = {isa = PBXBuildFile; fileRef = 12E912EF2C886ECC00F3D41C /* InputOutputAttachable.swift */; };
		12E912F22C886EE400F3D41C /* ViewModelCoordinatable.swift in Sources */ = {isa = PBXBuildFile; fileRef = 12E912F12C886EE400F3D41C /* ViewModelCoordinatable.swift */; };
/* End PBXBuildFile section */

/* Begin PBXFileReference section */
		12E912AE2C886AA200F3D41C /* WellCCogit.app */ = {isa = PBXFileReference; explicitFileType = wrapper.application; includeInIndex = 0; path = WellCCogit.app; sourceTree = BUILT_PRODUCTS_DIR; };
		12E912B12C886AA200F3D41C /* AppDelegate.swift */ = {isa = PBXFileReference; lastKnownFileType = sourcecode.swift; path = AppDelegate.swift; sourceTree = "<group>"; };
		12E912B32C886AA200F3D41C /* SceneDelegate.swift */ = {isa = PBXFileReference; lastKnownFileType = sourcecode.swift; path = SceneDelegate.swift; sourceTree = "<group>"; };
		12E912B52C886AA200F3D41C /* ViewController.swift */ = {isa = PBXFileReference; lastKnownFileType = sourcecode.swift; path = ViewController.swift; sourceTree = "<group>"; };
		12E912B82C886AA200F3D41C /* Base */ = {isa = PBXFileReference; lastKnownFileType = file.storyboard; name = Base; path = Base.lproj/Main.storyboard; sourceTree = "<group>"; };
		12E912BA2C886AA400F3D41C /* Assets.xcassets */ = {isa = PBXFileReference; lastKnownFileType = folder.assetcatalog; path = Assets.xcassets; sourceTree = "<group>"; };
		12E912BD2C886AA400F3D41C /* Base */ = {isa = PBXFileReference; lastKnownFileType = file.storyboard; name = Base; path = Base.lproj/LaunchScreen.storyboard; sourceTree = "<group>"; };
		12E912BF2C886AA400F3D41C /* Info.plist */ = {isa = PBXFileReference; lastKnownFileType = text.plist.xml; path = Info.plist; sourceTree = "<group>"; };
		12E912D82C886DDA00F3D41C /* ViewModelType.swift */ = {isa = PBXFileReference; lastKnownFileType = sourcecode.swift; path = ViewModelType.swift; sourceTree = "<group>"; };
		12E912EF2C886ECC00F3D41C /* InputOutputAttachable.swift */ = {isa = PBXFileReference; lastKnownFileType = sourcecode.swift; path = InputOutputAttachable.swift; sourceTree = "<group>"; };
		12E912F12C886EE400F3D41C /* ViewModelCoordinatable.swift */ = {isa = PBXFileReference; lastKnownFileType = sourcecode.swift; path = ViewModelCoordinatable.swift; sourceTree = "<group>"; };
/* End PBXFileReference section */

/* Begin PBXFrameworksBuildPhase section */
		12E912AB2C886AA200F3D41C /* Frameworks */ = {
			isa = PBXFrameworksBuildPhase;
			buildActionMask = 2147483647;
			files = (
				12E912EC2C886EAE00F3D41C /* RxTest in Frameworks */,
				12E912E42C886EAE00F3D41C /* RxRelay in Frameworks */,
				12E912E22C886EAE00F3D41C /* RxCocoa-Dynamic in Frameworks */,
				12E912CC2C886C9D00F3D41C /* SnapKit in Frameworks */,
				12E912C72C886C9700F3D41C /* Alamofire in Frameworks */,
				12E912EA2C886EAE00F3D41C /* RxSwift-Dynamic in Frameworks */,
				12E912EE2C886EAE00F3D41C /* RxTest-Dynamic in Frameworks */,
				12E912C92C886C9700F3D41C /* AlamofireDynamic in Frameworks */,
				12E912E02C886EAE00F3D41C /* RxCocoa in Frameworks */,
				12E912E62C886EAE00F3D41C /* RxRelay-Dynamic in Frameworks */,
				12E912DE2C886EAE00F3D41C /* RxBlocking-Dynamic in Frameworks */,
				12E912CE2C886C9D00F3D41C /* SnapKit-Dynamic in Frameworks */,
				12E912DC2C886EAE00F3D41C /* RxBlocking in Frameworks */,
				12E912E82C886EAE00F3D41C /* RxSwift in Frameworks */,
			);
			runOnlyForDeploymentPostprocessing = 0;
		};
/* End PBXFrameworksBuildPhase section */

/* Begin PBXGroup section */
		12E912A52C886AA200F3D41C = {
			isa = PBXGroup;
			children = (
				12E912B02C886AA200F3D41C /* WellCCogit */,
				12E912AF2C886AA200F3D41C /* Products */,
			);
			sourceTree = "<group>";
		};
		12E912AF2C886AA200F3D41C /* Products */ = {
			isa = PBXGroup;
			children = (
				12E912AE2C886AA200F3D41C /* WellCCogit.app */,
			);
			name = Products;
			sourceTree = "<group>";
		};
		12E912B02C886AA200F3D41C /* WellCCogit */ = {
			isa = PBXGroup;
			children = (
				12E912D62C886D1A00F3D41C /* Common */,
				12E912D42C886D0A00F3D41C /* Domain */,
				12E912D52C886D1200F3D41C /* Repository */,
				12E912D32C886D0000F3D41C /* Coordinator */,
				12E912D12C886CF000F3D41C /* ViewModel */,
				12E912D02C886CEC00F3D41C /* View */,
				12E912D22C886CF500F3D41C /* ViewController */,
				12E912B12C886AA200F3D41C /* AppDelegate.swift */,
				12E912B32C886AA200F3D41C /* SceneDelegate.swift */,
				12E912B72C886AA200F3D41C /* Main.storyboard */,
				12E912BA2C886AA400F3D41C /* Assets.xcassets */,
				12E912BC2C886AA400F3D41C /* LaunchScreen.storyboard */,
				12E912BF2C886AA400F3D41C /* Info.plist */,
			);
			path = WellCCogit;
			sourceTree = "<group>";
		};
		12E912D02C886CEC00F3D41C /* View */ = {
			isa = PBXGroup;
			children = (
			);
			path = View;
			sourceTree = "<group>";
		};
		12E912D12C886CF000F3D41C /* ViewModel */ = {
			isa = PBXGroup;
			children = (
				12E912D72C886DCF00F3D41C /* Base */,
			);
			path = ViewModel;
			sourceTree = "<group>";
		};
		12E912D22C886CF500F3D41C /* ViewController */ = {
			isa = PBXGroup;
			children = (
				12E912B52C886AA200F3D41C /* ViewController.swift */,
			);
			path = ViewController;
			sourceTree = "<group>";
		};
		12E912D32C886D0000F3D41C /* Coordinator */ = {
			isa = PBXGroup;
			children = (
				12E912F32C886F6B00F3D41C /* Base */,
			);
			path = Coordinator;
			sourceTree = "<group>";
		};
		12E912D42C886D0A00F3D41C /* Domain */ = {
			isa = PBXGroup;
			children = (
			);
			path = Domain;
			sourceTree = "<group>";
		};
		12E912D52C886D1200F3D41C /* Repository */ = {
			isa = PBXGroup;
			children = (
			);
			path = Repository;
			sourceTree = "<group>";
		};
		12E912D62C886D1A00F3D41C /* Common */ = {
			isa = PBXGroup;
			children = (
			);
			path = Common;
			sourceTree = "<group>";
		};
		12E912D72C886DCF00F3D41C /* Base */ = {
			isa = PBXGroup;
			children = (
				12E912D82C886DDA00F3D41C /* ViewModelType.swift */,
				12E912EF2C886ECC00F3D41C /* InputOutputAttachable.swift */,
				12E912F12C886EE400F3D41C /* ViewModelCoordinatable.swift */,
			);
			path = Base;
			sourceTree = "<group>";
		};
		12E912F32C886F6B00F3D41C /* Base */ = {
			isa = PBXGroup;
			children = (
			);
			path = Base;
			sourceTree = "<group>";
		};
/* End PBXGroup section */

/* Begin PBXNativeTarget section */
		12E912AD2C886AA200F3D41C /* WellCCogit */ = {
			isa = PBXNativeTarget;
			buildConfigurationList = 12E912C22C886AA400F3D41C /* Build configuration list for PBXNativeTarget "WellCCogit" */;
			buildPhases = (
				12E912AA2C886AA200F3D41C /* Sources */,
				12E912AB2C886AA200F3D41C /* Frameworks */,
				12E912AC2C886AA200F3D41C /* Resources */,
			);
			buildRules = (
			);
			dependencies = (
			);
			name = WellCCogit;
			packageProductDependencies = (
				12E912C62C886C9700F3D41C /* Alamofire */,
				12E912C82C886C9700F3D41C /* AlamofireDynamic */,
				12E912CB2C886C9D00F3D41C /* SnapKit */,
				12E912CD2C886C9D00F3D41C /* SnapKit-Dynamic */,
				12E912DB2C886EAE00F3D41C /* RxBlocking */,
				12E912DD2C886EAE00F3D41C /* RxBlocking-Dynamic */,
				12E912DF2C886EAE00F3D41C /* RxCocoa */,
				12E912E12C886EAE00F3D41C /* RxCocoa-Dynamic */,
				12E912E32C886EAE00F3D41C /* RxRelay */,
				12E912E52C886EAE00F3D41C /* RxRelay-Dynamic */,
				12E912E72C886EAE00F3D41C /* RxSwift */,
				12E912E92C886EAE00F3D41C /* RxSwift-Dynamic */,
				12E912EB2C886EAE00F3D41C /* RxTest */,
				12E912ED2C886EAE00F3D41C /* RxTest-Dynamic */,
			);
			productName = WellCCogit;
			productReference = 12E912AE2C886AA200F3D41C /* WellCCogit.app */;
			productType = "com.apple.product-type.application";
		};
/* End PBXNativeTarget section */

/* Begin PBXProject section */
		12E912A62C886AA200F3D41C /* Project object */ = {
			isa = PBXProject;
			attributes = {
				BuildIndependentTargetsInParallel = 1;
				LastSwiftUpdateCheck = 1540;
				LastUpgradeCheck = 1540;
				TargetAttributes = {
					12E912AD2C886AA200F3D41C = {
						CreatedOnToolsVersion = 15.4;
					};
				};
			};
			buildConfigurationList = 12E912A92C886AA200F3D41C /* Build configuration list for PBXProject "WellCCogit" */;
			compatibilityVersion = "Xcode 14.0";
			developmentRegion = en;
			hasScannedForEncodings = 0;
			knownRegions = (
				en,
				Base,
			);
			mainGroup = 12E912A52C886AA200F3D41C;
			packageReferences = (
				12E912C52C886C9700F3D41C /* XCRemoteSwiftPackageReference "Alamofire" */,
				12E912CA2C886C9D00F3D41C /* XCRemoteSwiftPackageReference "SnapKit" */,
				12E912DA2C886EAE00F3D41C /* XCRemoteSwiftPackageReference "RxSwift" */,
			);
			productRefGroup = 12E912AF2C886AA200F3D41C /* Products */;
			projectDirPath = "";
			projectRoot = "";
			targets = (
				12E912AD2C886AA200F3D41C /* WellCCogit */,
			);
		};
/* End PBXProject section */

/* Begin PBXResourcesBuildPhase section */
		12E912AC2C886AA200F3D41C /* Resources */ = {
			isa = PBXResourcesBuildPhase;
			buildActionMask = 2147483647;
			files = (
				12E912BB2C886AA400F3D41C /* Assets.xcassets in Resources */,
				12E912BE2C886AA400F3D41C /* Base in Resources */,
				12E912B92C886AA200F3D41C /* Base in Resources */,
			);
			runOnlyForDeploymentPostprocessing = 0;
		};
/* End PBXResourcesBuildPhase section */

/* Begin PBXSourcesBuildPhase section */
		12E912AA2C886AA200F3D41C /* Sources */ = {
			isa = PBXSourcesBuildPhase;
			buildActionMask = 2147483647;
			files = (
				12E912D92C886DDA00F3D41C /* ViewModelType.swift in Sources */,
				12E912B62C886AA200F3D41C /* ViewController.swift in Sources */,
				12E912B22C886AA200F3D41C /* AppDelegate.swift in Sources */,
				12E912B42C886AA200F3D41C /* SceneDelegate.swift in Sources */,
				12E912F22C886EE400F3D41C /* ViewModelCoordinatable.swift in Sources */,
				12E912F02C886ECC00F3D41C /* InputOutputAttachable.swift in Sources */,
			);
			runOnlyForDeploymentPostprocessing = 0;
		};
/* End PBXSourcesBuildPhase section */

/* Begin PBXVariantGroup section */
		12E912B72C886AA200F3D41C /* Main.storyboard */ = {
			isa = PBXVariantGroup;
			children = (
				12E912B82C886AA200F3D41C /* Base */,
			);
			name = Main.storyboard;
			sourceTree = "<group>";
		};
		12E912BC2C886AA400F3D41C /* LaunchScreen.storyboard */ = {
			isa = PBXVariantGroup;
			children = (
				12E912BD2C886AA400F3D41C /* Base */,
			);
			name = LaunchScreen.storyboard;
			sourceTree = "<group>";
		};
/* End PBXVariantGroup section */

/* Begin XCBuildConfiguration section */
		12E912C02C886AA400F3D41C /* Debug */ = {
			isa = XCBuildConfiguration;
			buildSettings = {
				ALWAYS_SEARCH_USER_PATHS = NO;
				ASSETCATALOG_COMPILER_GENERATE_SWIFT_ASSET_SYMBOL_EXTENSIONS = YES;
				CLANG_ANALYZER_NONNULL = YES;
				CLANG_ANALYZER_NUMBER_OBJECT_CONVERSION = YES_AGGRESSIVE;
				CLANG_CXX_LANGUAGE_STANDARD = "gnu++20";
				CLANG_ENABLE_MODULES = YES;
				CLANG_ENABLE_OBJC_ARC = YES;
				CLANG_ENABLE_OBJC_WEAK = YES;
				CLANG_WARN_BLOCK_CAPTURE_AUTORELEASING = YES;
				CLANG_WARN_BOOL_CONVERSION = YES;
				CLANG_WARN_COMMA = YES;
				CLANG_WARN_CONSTANT_CONVERSION = YES;
				CLANG_WARN_DEPRECATED_OBJC_IMPLEMENTATIONS = YES;
				CLANG_WARN_DIRECT_OBJC_ISA_USAGE = YES_ERROR;
				CLANG_WARN_DOCUMENTATION_COMMENTS = YES;
				CLANG_WARN_EMPTY_BODY = YES;
				CLANG_WARN_ENUM_CONVERSION = YES;
				CLANG_WARN_INFINITE_RECURSION = YES;
				CLANG_WARN_INT_CONVERSION = YES;
				CLANG_WARN_NON_LITERAL_NULL_CONVERSION = YES;
				CLANG_WARN_OBJC_IMPLICIT_RETAIN_SELF = YES;
				CLANG_WARN_OBJC_LITERAL_CONVERSION = YES;
				CLANG_WARN_OBJC_ROOT_CLASS = YES_ERROR;
				CLANG_WARN_QUOTED_INCLUDE_IN_FRAMEWORK_HEADER = YES;
				CLANG_WARN_RANGE_LOOP_ANALYSIS = YES;
				CLANG_WARN_STRICT_PROTOTYPES = YES;
				CLANG_WARN_SUSPICIOUS_MOVE = YES;
				CLANG_WARN_UNGUARDED_AVAILABILITY = YES_AGGRESSIVE;
				CLANG_WARN_UNREACHABLE_CODE = YES;
				CLANG_WARN__DUPLICATE_METHOD_MATCH = YES;
				COPY_PHASE_STRIP = NO;
				DEBUG_INFORMATION_FORMAT = dwarf;
				ENABLE_STRICT_OBJC_MSGSEND = YES;
				ENABLE_TESTABILITY = YES;
				ENABLE_USER_SCRIPT_SANDBOXING = YES;
				GCC_C_LANGUAGE_STANDARD = gnu17;
				GCC_DYNAMIC_NO_PIC = NO;
				GCC_NO_COMMON_BLOCKS = YES;
				GCC_OPTIMIZATION_LEVEL = 0;
				GCC_PREPROCESSOR_DEFINITIONS = (
					"DEBUG=1",
					"$(inherited)",
				);
				GCC_WARN_64_TO_32_BIT_CONVERSION = YES;
				GCC_WARN_ABOUT_RETURN_TYPE = YES_ERROR;
				GCC_WARN_UNDECLARED_SELECTOR = YES;
				GCC_WARN_UNINITIALIZED_AUTOS = YES_AGGRESSIVE;
				GCC_WARN_UNUSED_FUNCTION = YES;
				GCC_WARN_UNUSED_VARIABLE = YES;
				IPHONEOS_DEPLOYMENT_TARGET = 17.5;
				LOCALIZATION_PREFERS_STRING_CATALOGS = YES;
				MTL_ENABLE_DEBUG_INFO = INCLUDE_SOURCE;
				MTL_FAST_MATH = YES;
				ONLY_ACTIVE_ARCH = YES;
				SDKROOT = iphoneos;
				SWIFT_ACTIVE_COMPILATION_CONDITIONS = "DEBUG $(inherited)";
				SWIFT_OPTIMIZATION_LEVEL = "-Onone";
			};
			name = Debug;
		};
		12E912C12C886AA400F3D41C /* Release */ = {
			isa = XCBuildConfiguration;
			buildSettings = {
				ALWAYS_SEARCH_USER_PATHS = NO;
				ASSETCATALOG_COMPILER_GENERATE_SWIFT_ASSET_SYMBOL_EXTENSIONS = YES;
				CLANG_ANALYZER_NONNULL = YES;
				CLANG_ANALYZER_NUMBER_OBJECT_CONVERSION = YES_AGGRESSIVE;
				CLANG_CXX_LANGUAGE_STANDARD = "gnu++20";
				CLANG_ENABLE_MODULES = YES;
				CLANG_ENABLE_OBJC_ARC = YES;
				CLANG_ENABLE_OBJC_WEAK = YES;
				CLANG_WARN_BLOCK_CAPTURE_AUTORELEASING = YES;
				CLANG_WARN_BOOL_CONVERSION = YES;
				CLANG_WARN_COMMA = YES;
				CLANG_WARN_CONSTANT_CONVERSION = YES;
				CLANG_WARN_DEPRECATED_OBJC_IMPLEMENTATIONS = YES;
				CLANG_WARN_DIRECT_OBJC_ISA_USAGE = YES_ERROR;
				CLANG_WARN_DOCUMENTATION_COMMENTS = YES;
				CLANG_WARN_EMPTY_BODY = YES;
				CLANG_WARN_ENUM_CONVERSION = YES;
				CLANG_WARN_INFINITE_RECURSION = YES;
				CLANG_WARN_INT_CONVERSION = YES;
				CLANG_WARN_NON_LITERAL_NULL_CONVERSION = YES;
				CLANG_WARN_OBJC_IMPLICIT_RETAIN_SELF = YES;
				CLANG_WARN_OBJC_LITERAL_CONVERSION = YES;
				CLANG_WARN_OBJC_ROOT_CLASS = YES_ERROR;
				CLANG_WARN_QUOTED_INCLUDE_IN_FRAMEWORK_HEADER = YES;
				CLANG_WARN_RANGE_LOOP_ANALYSIS = YES;
				CLANG_WARN_STRICT_PROTOTYPES = YES;
				CLANG_WARN_SUSPICIOUS_MOVE = YES;
				CLANG_WARN_UNGUARDED_AVAILABILITY = YES_AGGRESSIVE;
				CLANG_WARN_UNREACHABLE_CODE = YES;
				CLANG_WARN__DUPLICATE_METHOD_MATCH = YES;
				COPY_PHASE_STRIP = NO;
				DEBUG_INFORMATION_FORMAT = "dwarf-with-dsym";
				ENABLE_NS_ASSERTIONS = NO;
				ENABLE_STRICT_OBJC_MSGSEND = YES;
				ENABLE_USER_SCRIPT_SANDBOXING = YES;
				GCC_C_LANGUAGE_STANDARD = gnu17;
				GCC_NO_COMMON_BLOCKS = YES;
				GCC_WARN_64_TO_32_BIT_CONVERSION = YES;
				GCC_WARN_ABOUT_RETURN_TYPE = YES_ERROR;
				GCC_WARN_UNDECLARED_SELECTOR = YES;
				GCC_WARN_UNINITIALIZED_AUTOS = YES_AGGRESSIVE;
				GCC_WARN_UNUSED_FUNCTION = YES;
				GCC_WARN_UNUSED_VARIABLE = YES;
				IPHONEOS_DEPLOYMENT_TARGET = 17.5;
				LOCALIZATION_PREFERS_STRING_CATALOGS = YES;
				MTL_ENABLE_DEBUG_INFO = NO;
				MTL_FAST_MATH = YES;
				SDKROOT = iphoneos;
				SWIFT_COMPILATION_MODE = wholemodule;
				VALIDATE_PRODUCT = YES;
			};
			name = Release;
		};
		12E912C32C886AA400F3D41C /* Debug */ = {
			isa = XCBuildConfiguration;
			buildSettings = {
				ASSETCATALOG_COMPILER_APPICON_NAME = AppIcon;
				ASSETCATALOG_COMPILER_GLOBAL_ACCENT_COLOR_NAME = AccentColor;
				CODE_SIGN_STYLE = Automatic;
				CURRENT_PROJECT_VERSION = 1;
				DEVELOPMENT_TEAM = 23JY2CM997;
				GENERATE_INFOPLIST_FILE = YES;
				INFOPLIST_FILE = WellCCogit/Info.plist;
				INFOPLIST_KEY_UIApplicationSupportsIndirectInputEvents = YES;
				INFOPLIST_KEY_UILaunchStoryboardName = LaunchScreen;
				INFOPLIST_KEY_UIMainStoryboardFile = Main;
				INFOPLIST_KEY_UISupportedInterfaceOrientations_iPad = "UIInterfaceOrientationPortrait UIInterfaceOrientationPortraitUpsideDown UIInterfaceOrientationLandscapeLeft UIInterfaceOrientationLandscapeRight";
				INFOPLIST_KEY_UISupportedInterfaceOrientations_iPhone = "UIInterfaceOrientationPortrait UIInterfaceOrientationLandscapeLeft UIInterfaceOrientationLandscapeRight";
				LD_RUNPATH_SEARCH_PATHS = (
					"$(inherited)",
					"@executable_path/Frameworks",
				);
				MARKETING_VERSION = 1.0;
				PRODUCT_BUNDLE_IDENTIFIER = com.junho.WellCCogit;
				PRODUCT_NAME = "$(TARGET_NAME)";
				SWIFT_EMIT_LOC_STRINGS = YES;
				SWIFT_VERSION = 5.0;
				TARGETED_DEVICE_FAMILY = "1,2";
			};
			name = Debug;
		};
		12E912C42C886AA400F3D41C /* Release */ = {
			isa = XCBuildConfiguration;
			buildSettings = {
				ASSETCATALOG_COMPILER_APPICON_NAME = AppIcon;
				ASSETCATALOG_COMPILER_GLOBAL_ACCENT_COLOR_NAME = AccentColor;
				CODE_SIGN_STYLE = Automatic;
				CURRENT_PROJECT_VERSION = 1;
				DEVELOPMENT_TEAM = 23JY2CM997;
				GENERATE_INFOPLIST_FILE = YES;
				INFOPLIST_FILE = WellCCogit/Info.plist;
				INFOPLIST_KEY_UIApplicationSupportsIndirectInputEvents = YES;
				INFOPLIST_KEY_UILaunchStoryboardName = LaunchScreen;
				INFOPLIST_KEY_UIMainStoryboardFile = Main;
				INFOPLIST_KEY_UISupportedInterfaceOrientations_iPad = "UIInterfaceOrientationPortrait UIInterfaceOrientationPortraitUpsideDown UIInterfaceOrientationLandscapeLeft UIInterfaceOrientationLandscapeRight";
				INFOPLIST_KEY_UISupportedInterfaceOrientations_iPhone = "UIInterfaceOrientationPortrait UIInterfaceOrientationLandscapeLeft UIInterfaceOrientationLandscapeRight";
				LD_RUNPATH_SEARCH_PATHS = (
					"$(inherited)",
					"@executable_path/Frameworks",
				);
				MARKETING_VERSION = 1.0;
				PRODUCT_BUNDLE_IDENTIFIER = com.junho.WellCCogit;
				PRODUCT_NAME = "$(TARGET_NAME)";
				SWIFT_EMIT_LOC_STRINGS = YES;
				SWIFT_VERSION = 5.0;
				TARGETED_DEVICE_FAMILY = "1,2";
			};
			name = Release;
		};
/* End XCBuildConfiguration section */

/* Begin XCConfigurationList section */
		12E912A92C886AA200F3D41C /* Build configuration list for PBXProject "WellCCogit" */ = {
			isa = XCConfigurationList;
			buildConfigurations = (
				12E912C02C886AA400F3D41C /* Debug */,
				12E912C12C886AA400F3D41C /* Release */,
			);
			defaultConfigurationIsVisible = 0;
			defaultConfigurationName = Release;
		};
		12E912C22C886AA400F3D41C /* Build configuration list for PBXNativeTarget "WellCCogit" */ = {
			isa = XCConfigurationList;
			buildConfigurations = (
				12E912C32C886AA400F3D41C /* Debug */,
				12E912C42C886AA400F3D41C /* Release */,
			);
			defaultConfigurationIsVisible = 0;
			defaultConfigurationName = Release;
		};
/* End XCConfigurationList section */

/* Begin XCRemoteSwiftPackageReference section */
		12E912C52C886C9700F3D41C /* XCRemoteSwiftPackageReference "Alamofire" */ = {
			isa = XCRemoteSwiftPackageReference;
			repositoryURL = "https://github.com/Alamofire/Alamofire";
			requirement = {
				kind = upToNextMajorVersion;
				minimumVersion = 5.9.1;
			};
		};
		12E912CA2C886C9D00F3D41C /* XCRemoteSwiftPackageReference "SnapKit" */ = {
			isa = XCRemoteSwiftPackageReference;
			repositoryURL = "https://github.com/SnapKit/SnapKit";
			requirement = {
				kind = upToNextMajorVersion;
				minimumVersion = 5.7.1;
			};
		};
		12E912DA2C886EAE00F3D41C /* XCRemoteSwiftPackageReference "RxSwift" */ = {
			isa = XCRemoteSwiftPackageReference;
			repositoryURL = "https://github.com/ReactiveX/RxSwift";
			requirement = {
				kind = upToNextMajorVersion;
				minimumVersion = 6.7.1;
			};
		};
/* End XCRemoteSwiftPackageReference section */

/* Begin XCSwiftPackageProductDependency section */
		12E912C62C886C9700F3D41C /* Alamofire */ = {
			isa = XCSwiftPackageProductDependency;
			package = 12E912C52C886C9700F3D41C /* XCRemoteSwiftPackageReference "Alamofire" */;
			productName = Alamofire;
		};
		12E912C82C886C9700F3D41C /* AlamofireDynamic */ = {
			isa = XCSwiftPackageProductDependency;
			package = 12E912C52C886C9700F3D41C /* XCRemoteSwiftPackageReference "Alamofire" */;
			productName = AlamofireDynamic;
		};
		12E912CB2C886C9D00F3D41C /* SnapKit */ = {
			isa = XCSwiftPackageProductDependency;
			package = 12E912CA2C886C9D00F3D41C /* XCRemoteSwiftPackageReference "SnapKit" */;
			productName = SnapKit;
		};
		12E912CD2C886C9D00F3D41C /* SnapKit-Dynamic */ = {
			isa = XCSwiftPackageProductDependency;
			package = 12E912CA2C886C9D00F3D41C /* XCRemoteSwiftPackageReference "SnapKit" */;
			productName = "SnapKit-Dynamic";
		};
		12E912DB2C886EAE00F3D41C /* RxBlocking */ = {
			isa = XCSwiftPackageProductDependency;
			package = 12E912DA2C886EAE00F3D41C /* XCRemoteSwiftPackageReference "RxSwift" */;
			productName = RxBlocking;
		};
		12E912DD2C886EAE00F3D41C /* RxBlocking-Dynamic */ = {
			isa = XCSwiftPackageProductDependency;
			package = 12E912DA2C886EAE00F3D41C /* XCRemoteSwiftPackageReference "RxSwift" */;
			productName = "RxBlocking-Dynamic";
		};
		12E912DF2C886EAE00F3D41C /* RxCocoa */ = {
			isa = XCSwiftPackageProductDependency;
			package = 12E912DA2C886EAE00F3D41C /* XCRemoteSwiftPackageReference "RxSwift" */;
			productName = RxCocoa;
		};
		12E912E12C886EAE00F3D41C /* RxCocoa-Dynamic */ = {
			isa = XCSwiftPackageProductDependency;
			package = 12E912DA2C886EAE00F3D41C /* XCRemoteSwiftPackageReference "RxSwift" */;
			productName = "RxCocoa-Dynamic";
		};
		12E912E32C886EAE00F3D41C /* RxRelay */ = {
			isa = XCSwiftPackageProductDependency;
			package = 12E912DA2C886EAE00F3D41C /* XCRemoteSwiftPackageReference "RxSwift" */;
			productName = RxRelay;
		};
		12E912E52C886EAE00F3D41C /* RxRelay-Dynamic */ = {
			isa = XCSwiftPackageProductDependency;
			package = 12E912DA2C886EAE00F3D41C /* XCRemoteSwiftPackageReference "RxSwift" */;
			productName = "RxRelay-Dynamic";
		};
		12E912E72C886EAE00F3D41C /* RxSwift */ = {
			isa = XCSwiftPackageProductDependency;
			package = 12E912DA2C886EAE00F3D41C /* XCRemoteSwiftPackageReference "RxSwift" */;
			productName = RxSwift;
		};
		12E912E92C886EAE00F3D41C /* RxSwift-Dynamic */ = {
			isa = XCSwiftPackageProductDependency;
			package = 12E912DA2C886EAE00F3D41C /* XCRemoteSwiftPackageReference "RxSwift" */;
			productName = "RxSwift-Dynamic";
		};
		12E912EB2C886EAE00F3D41C /* RxTest */ = {
			isa = XCSwiftPackageProductDependency;
			package = 12E912DA2C886EAE00F3D41C /* XCRemoteSwiftPackageReference "RxSwift" */;
			productName = RxTest;
		};
		12E912ED2C886EAE00F3D41C /* RxTest-Dynamic */ = {
			isa = XCSwiftPackageProductDependency;
			package = 12E912DA2C886EAE00F3D41C /* XCRemoteSwiftPackageReference "RxSwift" */;
			productName = "RxTest-Dynamic";
		};
/* End XCSwiftPackageProductDependency section */
	};
	rootObject = 12E912A62C886AA200F3D41C /* Project object */;
}
